// !$*UTF8*$!
{
	archiveVersion = 1;
	classes = {
	};
	objectVersion = 46;
	objects = {

/* Begin PBXBuildFile section */
		3505C28B1E58A26400202F29 /* AppDelegate.swift in Sources */ = {isa = PBXBuildFile; fileRef = 3505C28A1E58A26400202F29 /* AppDelegate.swift */; };
		3505C28D1E58A26400202F29 /* ViewController.swift in Sources */ = {isa = PBXBuildFile; fileRef = 3505C28C1E58A26400202F29 /* ViewController.swift */; };
		3505C2901E58A26400202F29 /* Main.storyboard in Resources */ = {isa = PBXBuildFile; fileRef = 3505C28E1E58A26400202F29 /* Main.storyboard */; };
		3505C2921E58A26400202F29 /* Assets.xcassets in Resources */ = {isa = PBXBuildFile; fileRef = 3505C2911E58A26400202F29 /* Assets.xcassets */; };
		3505C2951E58A26400202F29 /* LaunchScreen.storyboard in Resources */ = {isa = PBXBuildFile; fileRef = 3505C2931E58A26400202F29 /* LaunchScreen.storyboard */; };
/* End PBXBuildFile section */

/* Begin PBXFileReference section */
		3505C2871E58A26400202F29 /* douyuTV.app */ = {isa = PBXFileReference; explicitFileType = wrapper.application; includeInIndex = 0; path = douyuTV.app; sourceTree = BUILT_PRODUCTS_DIR; };
		3505C28A1E58A26400202F29 /* AppDelegate.swift */ = {isa = PBXFileReference; lastKnownFileType = sourcecode.swift; path = AppDelegate.swift; sourceTree = "<group>"; };
		3505C28C1E58A26400202F29 /* ViewController.swift */ = {isa = PBXFileReference; lastKnownFileType = sourcecode.swift; path = ViewController.swift; sourceTree = "<group>"; };
		3505C28F1E58A26400202F29 /* Base */ = {isa = PBXFileReference; lastKnownFileType = file.storyboard; name = Base; path = Base.lproj/Main.storyboard; sourceTree = "<group>"; };
		3505C2911E58A26400202F29 /* Assets.xcassets */ = {isa = PBXFileReference; lastKnownFileType = folder.assetcatalog; path = Assets.xcassets; sourceTree = "<group>"; };
		3505C2941E58A26400202F29 /* Base */ = {isa = PBXFileReference; lastKnownFileType = file.storyboard; name = Base; path = Base.lproj/LaunchScreen.storyboard; sourceTree = "<group>"; };
		3505C2961E58A26400202F29 /* Info.plist */ = {isa = PBXFileReference; lastKnownFileType = text.plist.xml; path = Info.plist; sourceTree = "<group>"; };
/* End PBXFileReference section */

/* Begin PBXFrameworksBuildPhase section */
		3505C2841E58A26400202F29 /* Frameworks */ = {
			isa = PBXFrameworksBuildPhase;
			buildActionMask = 2147483647;
			files = (
			);
			runOnlyForDeploymentPostprocessing = 0;
		};
/* End PBXFrameworksBuildPhase section */

/* Begin PBXGroup section */
		3505C27E1E58A26400202F29 = {
			isa = PBXGroup;
			children = (
				3505C2891E58A26400202F29 /* douyuTV */,
				3505C2881E58A26400202F29 /* Products */,
			);
			sourceTree = "<group>";
		};
		3505C2881E58A26400202F29 /* Products */ = {
			isa = PBXGroup;
			children = (
				3505C2871E58A26400202F29 /* douyuTV.app */,
			);
			name = Products;
			sourceTree = "<group>";
		};
		3505C2891E58A26400202F29 /* douyuTV */ = {
			isa = PBXGroup;
			children = (
				3505C28A1E58A26400202F29 /* AppDelegate.swift */,
				3505C28C1E58A26400202F29 /* ViewController.swift */,
				3505C28E1E58A26400202F29 /* Main.storyboard */,
				3505C2911E58A26400202F29 /* Assets.xcassets */,
				3505C2931E58A26400202F29 /* LaunchScreen.storyboard */,
				3505C2961E58A26400202F29 /* Info.plist */,
			);
			path = douyuTV;
			sourceTree = "<group>";
		};
/* End PBXGroup section */

/* Begin PBXNativeTarget section */
		3505C2861E58A26400202F29 /* douyuTV */ = {
			isa = PBXNativeTarget;
			buildConfigurationList = 3505C2991E58A26400202F29 /* Build configuration list for PBXNativeTarget "douyuTV" */;
			buildPhases = (
				3505C2831E58A26400202F29 /* Sources */,
				3505C2841E58A26400202F29 /* Frameworks */,
				3505C2851E58A26400202F29 /* Resources */,
			);
			buildRules = (
			);
			dependencies = (
			);
			name = douyuTV;
			productName = douyuTV;
			productReference = 3505C2871E58A26400202F29 /* douyuTV.app */;
			productType = "com.apple.product-type.application";
		};
/* End PBXNativeTarget section */

/* Begin PBXProject section */
		3505C27F1E58A26400202F29 /* Project object */ = {
			isa = PBXProject;
			attributes = {
				LastSwiftUpdateCheck = 0820;
				LastUpgradeCheck = 0820;
				ORGANIZATIONNAME = free;
				TargetAttributes = {
					3505C2861E58A26400202F29 = {
						CreatedOnToolsVersion = 8.2.1;
						DevelopmentTeam = H5XB9M6U63;
						ProvisioningStyle = Automatic;
					};
				};
			};
			buildConfigurationList = 3505C2821E58A26400202F29 /* Build configuration list for PBXProject "douyuTV" */;
			compatibilityVersion = "Xcode 3.2";
			developmentRegion = English;
			hasScannedForEncodings = 0;
			knownRegions = (
				en,
				Base,
			);
			mainGroup = 3505C27E1E58A26400202F29;
			productRefGroup = 3505C2881E58A26400202F29 /* Products */;
			projectDirPath = "";
			projectRoot = "";
			targets = (
				3505C2861E58A26400202F29 /* douyuTV */,
			);
		};
/* End PBXProject section */

/* Begin PBXResourcesBuildPhase section */
		3505C2851E58A26400202F29 /* Resources */ = {
			isa = PBXResourcesBuildPhase;
			buildActionMask = 2147483647;
			files = (
				3505C2951E58A26400202F29 /* LaunchScreen.storyboard in Resources */,
				3505C2921E58A26400202F29 /* Assets.xcassets in Resources */,
				3505C2901E58A26400202F29 /* Main.storyboard in Resources */,
			);
			runOnlyForDeploymentPostprocessing = 0;
		};
/* End PBXResourcesBuildPhase section */

/* Begin PBXSourcesBuildPhase section */
		3505C2831E58A26400202F29 /* Sources */ = {
			isa = PBXSourcesBuildPhase;
			buildActionMask = 2147483647;
			files = (
				3505C28D1E58A26400202F29 /* ViewController.swift in Sources */,
				3505C28B1E58A26400202F29 /* AppDelegate.swift in Sources */,
			);
			runOnlyForDeploymentPostprocessing = 0;
		};
/* End PBXSourcesBuildPhase section */

/* Begin PBXVariantGroup section */
		3505C28E1E58A26400202F29 /* Main.storyboard */ = {
			isa = PBXVariantGroup;
			children = (
				3505C28F1E58A26400202F29 /* Base */,
			);
			name = Main.storyboard;
			sourceTree = "<group>";
		};
		3505C2931E58A26400202F29 /* LaunchScreen.storyboard */ = {
			isa = PBXVariantGroup;
			children = (
				3505C2941E58A26400202F29 /* Base */,
			);
			name = LaunchScreen.storyboard;
			sourceTree = "<group>";
		};
/* End PBXVariantGroup section */

/* Begin XCBuildConfiguration section */
		3505C2971E58A26400202F29 /* Debug */ = {
			isa = XCBuildConfiguration;
			buildSettings = {
				ALWAYS_SEARCH_USER_PATHS = NO;
				CLANG_ANALYZER_NONNULL = YES;
				CLANG_CXX_LANGUAGE_STANDARD = "gnu++0x";
				CLANG_CXX_LIBRARY = "libc++";
				CLANG_ENABLE_MODULES = YES;
				CLANG_ENABLE_OBJC_ARC = YES;
				CLANG_WARN_BOOL_CONVERSION = YES;
				CLANG_WARN_CONSTANT_CONVERSION = YES;
				CLANG_WARN_DIRECT_OBJC_ISA_USAGE = YES_ERROR;
				CLANG_WARN_DOCUMENTATION_COMMENTS = YES;
				CLANG_WARN_EMPTY_BODY = YES;
				CLANG_WARN_ENUM_CONVERSION = YES;
				CLANG_WARN_INFINITE_RECURSION = YES;
				CLANG_WARN_INT_CONVERSION = YES;
				CLANG_WARN_OBJC_ROOT_CLASS = YES_ERROR;
				CLANG_WARN_SUSPICIOUS_MOVE = YES;
				CLANG_WARN_UNREACHABLE_CODE = YES;
				CLANG_WARN__DUPLICATE_METHOD_MATCH = YES;
				"CODE_SIGN_IDENTITY[sdk=iphoneos*]" = "iPhone Developer";
				COPY_PHASE_STRIP = NO;
				DEBUG_INFORMATION_FORMAT = dwarf;
				ENABLE_STRICT_OBJC_MSGSEND = YES;
				ENABLE_TESTABILITY = YES;
				GCC_C_LANGUAGE_STANDARD = gnu99;
				GCC_DYNAMIC_NO_PIC = NO;
				GCC_NO_COMMON_BLOCKS = YES;
				GCC_OPTIMIZATION_LEVEL = 0;
				GCC_PREPROCESSOR_DEFINITIONS = (
					"DEBUG=1",
					"$(inherited)",
				);
				GCC_WARN_64_TO_32_BIT_CONVERSION = YES;
				GCC_WARN_ABOUT_RETURN_TYPE = YES_ERROR;
				GCC_WARN_UNDECLARED_SELECTOR = YES;
				GCC_WARN_UNINITIALIZED_AUTOS = YES_AGGRESSIVE;
				GCC_WARN_UNUSED_FUNCTION = YES;
				GCC_WARN_UNUSED_VARIABLE = YES;
				IPHONEOS_DEPLOYMENT_TARGET = 10.2;
				MTL_ENABLE_DEBUG_INFO = YES;
				ONLY_ACTIVE_ARCH = YES;
				SDKROOT = iphoneos;
				SWIFT_ACTIVE_COMPILATION_CONDITIONS = DEBUG;
				SWIFT_OPTIMIZATION_LEVEL = "-Onone";
			};
			name = Debug;
		};
		3505C2981E58A26400202F29 /* Release */ = {
			isa = XCBuildConfiguration;
			buildSettings = {
				ALWAYS_SEARCH_USER_PATHS = NO;
				CLANG_ANALYZER_NONNULL = YES;
				CLANG_CXX_LANGUAGE_STANDARD = "gnu++0x";
				CLANG_CXX_LIBRARY = "libc++";
				CLANG_ENABLE_MODULES = YES;
				CLANG_ENABLE_OBJC_ARC = YES;
				CLANG_WARN_BOOL_CONVERSION = YES;
				CLANG_WARN_CONSTANT_CONVERSION = YES;
				CLANG_WARN_DIRECT_OBJC_ISA_USAGE = YES_ERROR;
				CLANG_WARN_DOCUMENTATION_COMMENTS = YES;
				CLANG_WARN_EMPTY_BODY = YES;
				CLANG_WARN_ENUM_CONVERSION = YES;
				CLANG_WARN_INFINITE_RECURSION = YES;
				CLANG_WARN_INT_CONVERSION = YES;
				CLANG_WARN_OBJC_ROOT_CLASS = YES_ERROR;
				CLANG_WARN_SUSPICIOUS_MOVE = YES;
				CLANG_WARN_UNREACHABLE_CODE = YES;
				CLANG_WARN__DUPLICATE_METHOD_MATCH = YES;
				"CODE_SIGN_IDENTITY[sdk=iphoneos*]" = "iPhone Developer";
				COPY_PHASE_STRIP = NO;
				DEBUG_INFORMATION_FORMAT = "dwarf-with-dsym";
				ENABLE_NS_ASSERTIONS = NO;
				ENABLE_STRICT_OBJC_MSGSEND = YES;
				GCC_C_LANGUAGE_STANDARD = gnu99;
				GCC_NO_COMMON_BLOCKS = YES;
				GCC_WARN_64_TO_32_BIT_CONVERSION = YES;
				GCC_WARN_ABOUT_RETURN_TYPE = YES_ERROR;
				GCC_WARN_UNDECLARED_SELECTOR = YES;
				GCC_WARN_UNINITIALIZED_AUTOS = YES_AGGRESSIVE;
				GCC_WARN_UNUSED_FUNCTION = YES;
				GCC_WARN_UNUSED_VARIABLE = YES;
				IPHONEOS_DEPLOYMENT_TARGET = 10.2;
				MTL_ENABLE_DEBUG_INFO = NO;
				SDKROOT = iphoneos;
				SWIFT_OPTIMIZATION_LEVEL = "-Owholemodule";
				VALIDATE_PRODUCT = YES;
			};
			name = Release;
		};
		3505C29A1E58A26400202F29 /* Debug */ = {
			isa = XCBuildConfiguration;
			buildSettings = {
				ASSETCATALOG_COMPILER_APPICON_NAME = AppIcon;
				DEVELOPMENT_TEAM = H5XB9M6U63;
				INFOPLIST_FILE = douyuTV/Info.plist;
				LD_RUNPATH_SEARCH_PATHS = "$(inherited) @executable_path/Frameworks";
				PRODUCT_BUNDLE_IDENTIFIER = "gzwwwcn.com.-----.douyuTV";
				PRODUCT_NAME = "$(TARGET_NAME)";
				SWIFT_VERSION = 3.0;
			};
			name = Debug;
		};
		3505C29B1E58A26400202F29 /* Release */ = {
			isa = XCBuildConfiguration;
			buildSettings = {
				ASSETCATALOG_COMPILER_APPICON_NAME = AppIcon;
				DEVELOPMENT_TEAM = H5XB9M6U63;
				INFOPLIST_FILE = douyuTV/Info.plist;
				LD_RUNPATH_SEARCH_PATHS = "$(inherited) @executable_path/Frameworks";
				PRODUCT_BUNDLE_IDENTIFIER = "gzwwwcn.com.-----.douyuTV";
				PRODUCT_NAME = "$(TARGET_NAME)";
				SWIFT_VERSION = 3.0;
			};
			name = Release;
		};
/* End XCBuildConfiguration section */

/* Begin XCConfigurationList section */
		3505C2821E58A26400202F29 /* Build configuration list for PBXProject "douyuTV" */ = {
			isa = XCConfigurationList;
			buildConfigurations = (
				3505C2971E58A26400202F29 /* Debug */,
				3505C2981E58A26400202F29 /* Release */,
			);
			defaultConfigurationIsVisible = 0;
			defaultConfigurationName = Release;
		};
		3505C2991E58A26400202F29 /* Build configuration list for PBXNativeTarget "douyuTV" */ = {
			isa = XCConfigurationList;
			buildConfigurations = (
				3505C29A1E58A26400202F29 /* Debug */,
				3505C29B1E58A26400202F29 /* Release */,
			);
			defaultConfigurationIsVisible = 0;
		};
/* End XCConfigurationList section */
	};
	rootObject = 3505C27F1E58A26400202F29 /* Project object */;
}
